
Microsoft Visual Studio Solution File, Format Version 12.00
# Visual Studio Version 17
VisualStudioVersion = 17.14.36203.30
MinimumVisualStudioVersion = 10.0.40219.1
Project("{FAE04EC0-301F-11D3-BF4B-00C04F79EFBC}") = "AccountingSystem.Api", "AccountingSystem.Api\AccountingSystem.Api.csproj", "{E024355D-42C1-4C7C-AD62-8EC14A729A37}"
EndProject
Project("{FAE04EC0-301F-11D3-BF4B-00C04F79EFBC}") = "AccountingSystem.Shared", "AccountingSystem.Shared\AccountingSystem.Shared.csproj", "{597E330E-854E-4D54-B2F2-A84818ECE29F}"
EndProject
Project("{FAE04EC0-301F-11D3-BF4B-00C04F79EFBC}") = "AccountingSystem.Client", "AccountingSystem.Client\AccountingSystem.Client.csproj", "{08EEEFD3-802E-42F2-B89E-24B114686BBA}"
EndProject
Project("{FAE04EC0-301F-11D3-BF4B-00C04F79EFBC}") = "AccountingSystem.API.Tests", "AccountingSystem.API.Tests\AccountingSystem.API.Tests.csproj", "{2096D91E-0F46-42E5-A07C-70F81E54EAE3}"
EndProject
Project("{FAE04EC0-301F-11D3-BF4B-00C04F79EFBC}") = "AccountingSystem.Client.Tests", "AccountingSystem.Client.Tests\AccountingSystem.Client.Tests.csproj", "{B2864E73-4B12-4722-ADB1-B5E60D3AAFCF}"
EndProject
Project("{FAE04EC0-301F-11D3-BF4B-00C04F79EFBC}") = "AccountingSystem.E2E.Tests", "AccountingSystem.E2E.Tests\AccountingSystem.E2E.Tests.csproj", "{76283520-28E2-4B0D-A5FE-CE2BD80BCB26}"
EndProject
Global
	GlobalSection(SolutionConfigurationPlatforms) = preSolution
		Debug|Any CPU = Debug|Any CPU
		Debug|x64 = Debug|x64
		Debug|x86 = Debug|x86
		Release|Any CPU = Release|Any CPU
		Release|x64 = Release|x64
		Release|x86 = Release|x86
	EndGlobalSection
	GlobalSection(ProjectConfigurationPlatforms) = postSolution
		{E024355D-42C1-4C7C-AD62-8EC14A729A37}.Debug|Any CPU.ActiveCfg = Debug|Any CPU
		{E024355D-42C1-4C7C-AD62-8EC14A729A37}.Debug|Any CPU.Build.0 = Debug|Any CPU
		{E024355D-42C1-4C7C-AD62-8EC14A729A37}.Debug|x64.ActiveCfg = Debug|Any CPU
		{E024355D-42C1-4C7C-AD62-8EC14A729A37}.Debug|x64.Build.0 = Debug|Any CPU
		{E024355D-42C1-4C7C-AD62-8EC14A729A37}.Debug|x86.ActiveCfg = Debug|Any CPU
		{E024355D-42C1-4C7C-AD62-8EC14A729A37}.Debug|x86.Build.0 = Debug|Any CPU
		{E024355D-42C1-4C7C-AD62-8EC14A729A37}.Release|Any CPU.ActiveCfg = Release|Any CPU
		{E024355D-42C1-4C7C-AD62-8EC14A729A37}.Release|Any CPU.Build.0 = Release|Any CPU
		{E024355D-42C1-4C7C-AD62-8EC14A729A37}.Release|x64.ActiveCfg = Release|Any CPU
		{E024355D-42C1-4C7C-AD62-8EC14A729A37}.Release|x64.Build.0 = Release|Any CPU
		{E024355D-42C1-4C7C-AD62-8EC14A729A37}.Release|x86.ActiveCfg = Release|Any CPU
		{E024355D-42C1-4C7C-AD62-8EC14A729A37}.Release|x86.Build.0 = Release|Any CPU
		{597E330E-854E-4D54-B2F2-A84818ECE29F}.Debug|Any CPU.ActiveCfg = Debug|Any CPU
		{597E330E-854E-4D54-B2F2-A84818ECE29F}.Debug|Any CPU.Build.0 = Debug|Any CPU
		{597E330E-854E-4D54-B2F2-A84818ECE29F}.Debug|x64.ActiveCfg = Debug|Any CPU
		{597E330E-854E-4D54-B2F2-A84818ECE29F}.Debug|x64.Build.0 = Debug|Any CPU
		{597E330E-854E-4D54-B2F2-A84818ECE29F}.Debug|x86.ActiveCfg = Debug|Any CPU
		{597E330E-854E-4D54-B2F2-A84818ECE29F}.Debug|x86.Build.0 = Debug|Any CPU
		{597E330E-854E-4D54-B2F2-A84818ECE29F}.Release|Any CPU.ActiveCfg = Release|Any CPU
		{597E330E-854E-4D54-B2F2-A84818ECE29F}.Release|Any CPU.Build.0 = Release|Any CPU
		{597E330E-854E-4D54-B2F2-A84818ECE29F}.Release|x64.ActiveCfg = Release|Any CPU
		{597E330E-854E-4D54-B2F2-A84818ECE29F}.Release|x64.Build.0 = Release|Any CPU
		{597E330E-854E-4D54-B2F2-A84818ECE29F}.Release|x86.ActiveCfg = Release|Any CPU
		{597E330E-854E-4D54-B2F2-A84818ECE29F}.Release|x86.Build.0 = Release|Any CPU
		{08EEEFD3-802E-42F2-B89E-24B114686BBA}.Debug|Any CPU.ActiveCfg = Debug|Any CPU
		{08EEEFD3-802E-42F2-B89E-24B114686BBA}.Debug|Any CPU.Build.0 = Debug|Any CPU
		{08EEEFD3-802E-42F2-B89E-24B114686BBA}.Debug|x64.ActiveCfg = Debug|Any CPU
		{08EEEFD3-802E-42F2-B89E-24B114686BBA}.Debug|x64.Build.0 = Debug|Any CPU
		{08EEEFD3-802E-42F2-B89E-24B114686BBA}.Debug|x86.ActiveCfg = Debug|Any CPU
		{08EEEFD3-802E-42F2-B89E-24B114686BBA}.Debug|x86.Build.0 = Debug|Any CPU
		{08EEEFD3-802E-42F2-B89E-24B114686BBA}.Release|Any CPU.ActiveCfg = Release|Any CPU
		{08EEEFD3-802E-42F2-B89E-24B114686BBA}.Release|Any CPU.Build.0 = Release|Any CPU
		{08EEEFD3-802E-42F2-B89E-24B114686BBA}.Release|x64.ActiveCfg = Release|Any CPU
		{08EEEFD3-802E-42F2-B89E-24B114686BBA}.Release|x64.Build.0 = Release|Any CPU
		{08EEEFD3-802E-42F2-B89E-24B114686BBA}.Release|x86.ActiveCfg = Release|Any CPU
		{08EEEFD3-802E-42F2-B89E-24B114686BBA}.Release|x86.Build.0 = Release|Any CPU
		{2096D91E-0F46-42E5-A07C-70F81E54EAE3}.Debug|Any CPU.ActiveCfg = Debug|Any CPU
		{2096D91E-0F46-42E5-A07C-70F81E54EAE3}.Debug|Any CPU.Build.0 = Debug|Any CPU
		{2096D91E-0F46-42E5-A07C-70F81E54EAE3}.Debug|x64.ActiveCfg = Debug|Any CPU
		{2096D91E-0F46-42E5-A07C-70F81E54EAE3}.Debug|x64.Build.0 = Debug|Any CPU
		{2096D91E-0F46-42E5-A07C-70F81E54EAE3}.Debug|x86.ActiveCfg = Debug|Any CPU
		{2096D91E-0F46-42E5-A07C-70F81E54EAE3}.Debug|x86.Build.0 = Debug|Any CPU
		{2096D91E-0F46-42E5-A07C-70F81E54EAE3}.Release|Any CPU.ActiveCfg = Release|Any CPU
		{2096D91E-0F46-42E5-A07C-70F81E54EAE3}.Release|Any CPU.Build.0 = Release|Any CPU
		{2096D91E-0F46-42E5-A07C-70F81E54EAE3}.Release|x64.ActiveCfg = Release|Any CPU
		{2096D91E-0F46-42E5-A07C-70F81E54EAE3}.Release|x64.Build.0 = Release|Any CPU
		{2096D91E-0F46-42E5-A07C-70F81E54EAE3}.Release|x86.ActiveCfg = Release|Any CPU
		{2096D91E-0F46-42E5-A07C-70F81E54EAE3}.Release|x86.Build.0 = Release|Any CPU
		{B2864E73-4B12-4722-ADB1-B5E60D3AAFCF}.Debug|Any CPU.ActiveCfg = Debug|Any CPU
		{B2864E73-4B12-4722-ADB1-B5E60D3AAFCF}.Debug|Any CPU.Build.0 = Debug|Any CPU
		{B2864E73-4B12-4722-ADB1-B5E60D3AAFCF}.Debug|x64.ActiveCfg = Debug|Any CPU
		{B2864E73-4B12-4722-ADB1-B5E60D3AAFCF}.Debug|x64.Build.0 = Debug|Any CPU
		{B2864E73-4B12-4722-ADB1-B5E60D3AAFCF}.Debug|x86.ActiveCfg = Debug|Any CPU
		{B2864E73-4B12-4722-ADB1-B5E60D3AAFCF}.Debug|x86.Build.0 = Debug|Any CPU
		{B2864E73-4B12-4722-ADB1-B5E60D3AAFCF}.Release|Any CPU.ActiveCfg = Release|Any CPU
		{B2864E73-4B12-4722-ADB1-B5E60D3AAFCF}.Release|Any CPU.Build.0 = Release|Any CPU
		{B2864E73-4B12-4722-ADB1-B5E60D3AAFCF}.Release|x64.ActiveCfg = Release|Any CPU
		{B2864E73-4B12-4722-ADB1-B5E60D3AAFCF}.Release|x64.Build.0 = Release|Any CPU
		{B2864E73-4B12-4722-ADB1-B5E60D3AAFCF}.Release|x86.ActiveCfg = Release|Any CPU
		{B2864E73-4B12-4722-ADB1-B5E60D3AAFCF}.Release|x86.Build.0 = Release|Any CPU
		{76283520-28E2-4B0D-A5FE-CE2BD80BCB26}.Debug|Any CPU.ActiveCfg = Debug|Any CPU
		{76283520-28E2-4B0D-A5FE-CE2BD80BCB26}.Debug|Any CPU.Build.0 = Debug|Any CPU
		{76283520-28E2-4B0D-A5FE-CE2BD80BCB26}.Debug|x64.ActiveCfg = Debug|Any CPU
		{76283520-28E2-4B0D-A5FE-CE2BD80BCB26}.Debug|x64.Build.0 = Debug|Any CPU
		{76283520-28E2-4B0D-A5FE-CE2BD80BCB26}.Debug|x86.ActiveCfg = Debug|Any CPU
		{76283520-28E2-4B0D-A5FE-CE2BD80BCB26}.Debug|x86.Build.0 = Debug|Any CPU
		{76283520-28E2-4B0D-A5FE-CE2BD80BCB26}.Release|Any CPU.ActiveCfg = Release|Any CPU
		{76283520-28E2-4B0D-A5FE-CE2BD80BCB26}.Release|Any CPU.Build.0 = Release|Any CPU
		{76283520-28E2-4B0D-A5FE-CE2BD80BCB26}.Release|x64.ActiveCfg = Release|Any CPU
		{76283520-28E2-4B0D-A5FE-CE2BD80BCB26}.Release|x64.Build.0 = Release|Any CPU
		{76283520-28E2-4B0D-A5FE-CE2BD80BCB26}.Release|x86.ActiveCfg = Release|Any CPU
		{76283520-28E2-4B0D-A5FE-CE2BD80BCB26}.Release|x86.Build.0 = Release|Any CPU
	EndGlobalSection
	GlobalSection(SolutionProperties) = preSolution
		HideSolutionNode = FALSE
	EndGlobalSection
	GlobalSection(ExtensibilityGlobals) = postSolution
		SolutionGuid = {B9929B39-45D6-4285-901D-2AAA280C7D72}
	EndGlobalSection
EndGlobal
